
Microsoft Visual Studio Solution File, Format Version 12.00
# Visual Studio Version 17
VisualStudioVersion = 17.8.34309.116
MinimumVisualStudioVersion = 10.0.40219.1
Project("{9A19103F-16F7-4668-BE54-9A1E7A4F7556}") = "HelloWorld", "HelloWorld\HelloWorld.csproj", "{03F5C1C1-59CD-4555-9D79-CC7ABF1BD517}"
EndProject
Project("{E53339B2-1760-4266-BCC7-CA923CBCF16C}") = "docker-compose", "docker-compose.dcproj", "{5931A851-435A-44E1-95F1-87393F87D1FD}"
EndProject
Project("{2150E333-8FDC-42A3-9474-1A3956D46DE8}") = "tf-infra-automation", "tf-infra-automation", "{532D4DD0-E110-4CB4-A12C-F1A74AEAE328}"
	ProjectSection(SolutionItems) = preProject
		provider.tf = provider.tf
		variables.tf = variables.tf
	EndProjectSection
EndProject
Global
	GlobalSection(SolutionConfigurationPlatforms) = preSolution
		Debug|Any CPU = Debug|Any CPU
		Release|Any CPU = Release|Any CPU
	EndGlobalSection
	GlobalSection(ProjectConfigurationPlatforms) = postSolution
		{03F5C1C1-59CD-4555-9D79-CC7ABF1BD517}.Debug|Any CPU.ActiveCfg = Release|Any CPU
		{03F5C1C1-59CD-4555-9D79-CC7ABF1BD517}.Debug|Any CPU.Build.0 = Release|Any CPU
		{03F5C1C1-59CD-4555-9D79-CC7ABF1BD517}.Release|Any CPU.ActiveCfg = Release|Any CPU
		{03F5C1C1-59CD-4555-9D79-CC7ABF1BD517}.Release|Any CPU.Build.0 = Release|Any CPU
		{5931A851-435A-44E1-95F1-87393F87D1FD}.Debug|Any CPU.ActiveCfg = Debug|Any CPU
		{5931A851-435A-44E1-95F1-87393F87D1FD}.Debug|Any CPU.Build.0 = Debug|Any CPU
		{5931A851-435A-44E1-95F1-87393F87D1FD}.Release|Any CPU.ActiveCfg = Release|Any CPU
		{5931A851-435A-44E1-95F1-87393F87D1FD}.Release|Any CPU.Build.0 = Release|Any CPU
	EndGlobalSection
	GlobalSection(SolutionProperties) = preSolution
		HideSolutionNode = FALSE
	EndGlobalSection
	GlobalSection(ExtensibilityGlobals) = postSolution
		SolutionGuid = {4D5F762B-69C0-437A-8624-D7DF8FEA0C21}
	EndGlobalSection
EndGlobal
